
Microsoft Visual Studio Solution File, Format Version 12.00
# Visual Studio Version 17
VisualStudioVersion = 17.1.32414.318
MinimumVisualStudioVersion = 10.0.40219.1
Project("{9A19103F-16F7-4668-BE54-9A1E7A4F7556}") = "ConsoleTest", "ConsoleTest\ConsoleTest.csproj", "{C3362205-AF58-41B2-9406-49639B235571}"
EndProject
Project("{9A19103F-16F7-4668-BE54-9A1E7A4F7556}") = "WpfApp1", "WpfApp1\WpfApp1.csproj", "{76D5E06A-FCB2-43B6-A2B4-CE7D9925B914}"
EndProject
Project("{FAE04EC0-301F-11D3-BF4B-00C04F79EFBC}") = "WebApplication1", "WebApplication1\WebApplication1.csproj", "{FEA133A3-E841-4C3B-88CD-4D7178AEB1B9}"
EndProject
Global
	GlobalSection(SolutionConfigurationPlatforms) = preSolution
		Debug|Any CPU = Debug|Any CPU
		Release|Any CPU = Release|Any CPU
	EndGlobalSection
	GlobalSection(ProjectConfigurationPlatforms) = postSolution
		{C3362205-AF58-41B2-9406-49639B235571}.Debug|Any CPU.ActiveCfg = Debug|Any CPU
		{C3362205-AF58-41B2-9406-49639B235571}.Debug|Any CPU.Build.0 = Debug|Any CPU
		{C3362205-AF58-41B2-9406-49639B235571}.Release|Any CPU.ActiveCfg = Release|Any CPU
		{C3362205-AF58-41B2-9406-49639B235571}.Release|Any CPU.Build.0 = Release|Any CPU
		{76D5E06A-FCB2-43B6-A2B4-CE7D9925B914}.Debug|Any CPU.ActiveCfg = Debug|Any CPU
		{76D5E06A-FCB2-43B6-A2B4-CE7D9925B914}.Debug|Any CPU.Build.0 = Debug|Any CPU
		{76D5E06A-FCB2-43B6-A2B4-CE7D9925B914}.Release|Any CPU.ActiveCfg = Release|Any CPU
		{76D5E06A-FCB2-43B6-A2B4-CE7D9925B914}.Release|Any CPU.Build.0 = Release|Any CPU
		{FEA133A3-E841-4C3B-88CD-4D7178AEB1B9}.Debug|Any CPU.ActiveCfg = Debug|Any CPU
		{FEA133A3-E841-4C3B-88CD-4D7178AEB1B9}.Debug|Any CPU.Build.0 = Debug|Any CPU
		{FEA133A3-E841-4C3B-88CD-4D7178AEB1B9}.Release|Any CPU.ActiveCfg = Release|Any CPU
		{FEA133A3-E841-4C3B-88CD-4D7178AEB1B9}.Release|Any CPU.Build.0 = Release|Any CPU
	EndGlobalSection
	GlobalSection(SolutionProperties) = preSolution
		HideSolutionNode = FALSE
	EndGlobalSection
	GlobalSection(ExtensibilityGlobals) = postSolution
		SolutionGuid = {9F6750A1-15C9-40D3-8896-8FE3BF283493}
	EndGlobalSection
EndGlobal
